
Microsoft Visual Studio Solution File, Format Version 12.00
# Visual Studio Version 16
VisualStudioVersion = 16.0.29306.81
MinimumVisualStudioVersion = 10.0.40219.1
Project("{FAE04EC0-301F-11D3-BF4B-00C04F79EFBC}") = "MyExtensions", "MyExtensions.csproj", "{CCCF5E71-C823-4E2E-B111-FEEFC5BA1969}"
EndProject
Global
	GlobalSection(SolutionConfigurationPlatforms) = preSolution
		Debug|Any CPU = Debug|Any CPU
		Release|Any CPU = Release|Any CPU
	EndGlobalSection
	GlobalSection(ProjectConfigurationPlatforms) = postSolution
		{CCCF5E71-C823-4E2E-B111-FEEFC5BA1969}.Debug|Any CPU.ActiveCfg = Debug|Any CPU
		{CCCF5E71-C823-4E2E-B111-FEEFC5BA1969}.Debug|Any CPU.Build.0 = Debug|Any CPU
		{CCCF5E71-C823-4E2E-B111-FEEFC5BA1969}.Release|Any CPU.ActiveCfg = Release|Any CPU
		{CCCF5E71-C823-4E2E-B111-FEEFC5BA1969}.Release|Any CPU.Build.0 = Release|Any CPU
	EndGlobalSection
	GlobalSection(SolutionProperties) = preSolution
		HideSolutionNode = FALSE
	EndGlobalSection
	GlobalSection(ExtensibilityGlobals) = postSolution
		SolutionGuid = {6564284C-EC28-4E15-98D8-D4C71A133017}
	EndGlobalSection
EndGlobal
